
Microsoft Visual Studio Solution File, Format Version 12.00
# Visual Studio Version 17
VisualStudioVersion = 17.2.32616.157
MinimumVisualStudioVersion = 10.0.40219.1
Project("{FAE04EC0-301F-11D3-BF4B-00C04F79EFBC}") = "AppControleJuridico", "AppControleJuridico.csproj", "{9FEF03BA-200C-4C22-BD95-2B8DC432DB67}"
EndProject
Global
	GlobalSection(SolutionConfigurationPlatforms) = preSolution
		Debug|Any CPU = Debug|Any CPU
		Release|Any CPU = Release|Any CPU
	EndGlobalSection
	GlobalSection(ProjectConfigurationPlatforms) = postSolution
		{9FEF03BA-200C-4C22-BD95-2B8DC432DB67}.Debug|Any CPU.ActiveCfg = Debug|Any CPU
		{9FEF03BA-200C-4C22-BD95-2B8DC432DB67}.Debug|Any CPU.Build.0 = Debug|Any CPU
		{9FEF03BA-200C-4C22-BD95-2B8DC432DB67}.Release|Any CPU.ActiveCfg = Release|Any CPU
		{9FEF03BA-200C-4C22-BD95-2B8DC432DB67}.Release|Any CPU.Build.0 = Release|Any CPU
	EndGlobalSection
	GlobalSection(SolutionProperties) = preSolution
		HideSolutionNode = FALSE
	EndGlobalSection
	GlobalSection(ExtensibilityGlobals) = postSolution
		SolutionGuid = {E8882F97-7AF2-49A5-8950-408F2366287B}
	EndGlobalSection
EndGlobal
